
Microsoft Visual Studio Solution File, Format Version 12.00
# Visual Studio Version 16
VisualStudioVersion = 16.0.31025.194
MinimumVisualStudioVersion = 10.0.40219.1
Project("{8BC9CEB8-8B4A-11D0-8D11-00A0C91BC942}") = "OpenGLRenderer2", "OpenGLRenderer2\OpenGLRenderer2.vcxproj", "{9EE335A4-BBF3-4FFF-96B3-6028A9C92761}"
EndProject
Global
	GlobalSection(SolutionConfigurationPlatforms) = preSolution
		Debug|x64 = Debug|x64
		Debug|x86 = Debug|x86
		Release|x64 = Release|x64
		Release|x86 = Release|x86
	EndGlobalSection
	GlobalSection(ProjectConfigurationPlatforms) = postSolution
		{9EE335A4-BBF3-4FFF-96B3-6028A9C92761}.Debug|x64.ActiveCfg = Debug|x64
		{9EE335A4-BBF3-4FFF-96B3-6028A9C92761}.Debug|x64.Build.0 = Debug|x64
		{9EE335A4-BBF3-4FFF-96B3-6028A9C92761}.Debug|x86.ActiveCfg = Debug|Win32
		{9EE335A4-BBF3-4FFF-96B3-6028A9C92761}.Debug|x86.Build.0 = Debug|Win32
		{9EE335A4-BBF3-4FFF-96B3-6028A9C92761}.Release|x64.ActiveCfg = Release|x64
		{9EE335A4-BBF3-4FFF-96B3-6028A9C92761}.Release|x64.Build.0 = Release|x64
		{9EE335A4-BBF3-4FFF-96B3-6028A9C92761}.Release|x86.ActiveCfg = Release|Win32
		{9EE335A4-BBF3-4FFF-96B3-6028A9C92761}.Release|x86.Build.0 = Release|Win32
	EndGlobalSection
	GlobalSection(SolutionProperties) = preSolution
		HideSolutionNode = FALSE
	EndGlobalSection
	GlobalSection(ExtensibilityGlobals) = postSolution
		SolutionGuid = {62AEA4D5-FE71-4DC0-901C-FA9635F484CA}
	EndGlobalSection
EndGlobal
